
Microsoft Visual Studio Solution File, Format Version 12.00
# Visual Studio 15
VisualStudioVersion = 15.0.28010.2036
MinimumVisualStudioVersion = 10.0.40219.1
Project("{FAE04EC0-301F-11D3-BF4B-00C04F79EFBC}") = "ArgentRadio.Conditions", "ArgentRadio.Conditions\ArgentRadio.Conditions.csproj", "{E3E54473-0965-4D84-9EE9-B0BE46411A39}"
EndProject
Project("{FAE04EC0-301F-11D3-BF4B-00C04F79EFBC}") = "ArgentRadio.Core", "ArgentRadio.Core\ArgentRadio.Core.csproj", "{C62BD1E4-1064-4635-BDB0-C366C270A1BA}"
EndProject
Project("{FAE04EC0-301F-11D3-BF4B-00C04F79EFBC}") = "ArgentRadio.Common", "ArgentRadio.Common\ArgentRadio.Common.csproj", "{EB774B66-1094-492D-961A-D9669C1CE9B6}"
EndProject
Project("{FAE04EC0-301F-11D3-BF4B-00C04F79EFBC}") = "ArgentRadio.Actions", "ArgentRadio.Actions\ArgentRadio.Actions.csproj", "{EE49689B-ED19-498E-94C9-062A09076368}"
EndProject
Global
	GlobalSection(SolutionConfigurationPlatforms) = preSolution
		Debug|Any CPU = Debug|Any CPU
		Release|Any CPU = Release|Any CPU
	EndGlobalSection
	GlobalSection(ProjectConfigurationPlatforms) = postSolution
		{E3E54473-0965-4D84-9EE9-B0BE46411A39}.Debug|Any CPU.ActiveCfg = Debug|Any CPU
		{E3E54473-0965-4D84-9EE9-B0BE46411A39}.Debug|Any CPU.Build.0 = Debug|Any CPU
		{E3E54473-0965-4D84-9EE9-B0BE46411A39}.Release|Any CPU.ActiveCfg = Release|Any CPU
		{E3E54473-0965-4D84-9EE9-B0BE46411A39}.Release|Any CPU.Build.0 = Release|Any CPU
		{C62BD1E4-1064-4635-BDB0-C366C270A1BA}.Debug|Any CPU.ActiveCfg = Debug|Any CPU
		{C62BD1E4-1064-4635-BDB0-C366C270A1BA}.Debug|Any CPU.Build.0 = Debug|Any CPU
		{C62BD1E4-1064-4635-BDB0-C366C270A1BA}.Release|Any CPU.ActiveCfg = Release|Any CPU
		{C62BD1E4-1064-4635-BDB0-C366C270A1BA}.Release|Any CPU.Build.0 = Release|Any CPU
		{EB774B66-1094-492D-961A-D9669C1CE9B6}.Debug|Any CPU.ActiveCfg = Debug|Any CPU
		{EB774B66-1094-492D-961A-D9669C1CE9B6}.Debug|Any CPU.Build.0 = Debug|Any CPU
		{EB774B66-1094-492D-961A-D9669C1CE9B6}.Release|Any CPU.ActiveCfg = Release|Any CPU
		{EB774B66-1094-492D-961A-D9669C1CE9B6}.Release|Any CPU.Build.0 = Release|Any CPU
		{EE49689B-ED19-498E-94C9-062A09076368}.Debug|Any CPU.ActiveCfg = Debug|Any CPU
		{EE49689B-ED19-498E-94C9-062A09076368}.Debug|Any CPU.Build.0 = Debug|Any CPU
		{EE49689B-ED19-498E-94C9-062A09076368}.Release|Any CPU.ActiveCfg = Release|Any CPU
		{EE49689B-ED19-498E-94C9-062A09076368}.Release|Any CPU.Build.0 = Release|Any CPU
	EndGlobalSection
	GlobalSection(SolutionProperties) = preSolution
		HideSolutionNode = FALSE
	EndGlobalSection
	GlobalSection(ExtensibilityGlobals) = postSolution
		SolutionGuid = {C6DC09DC-C773-47E9-9EB1-E38FBA3CE619}
	EndGlobalSection
EndGlobal
